// !$*UTF8*$!
{
	archiveVersion = 1;
	classes = {
	};
	objectVersion = 77;
	objects = {

/* Begin PBXBuildFile section */
		048A5EE5E8BC3A1CBCFCB520 /* ExampleAppApp.swift in Sources */ = {isa = PBXBuildFile; fileRef = 3FD1591A4B985A698B544FAF /* ExampleAppApp.swift */; };
		0E9CED6373D606F2320B7825 /* User.swift in Sources */ = {isa = PBXBuildFile; fileRef = B9245ED7A8DFBCB26826130B /* User.swift */; };
		C2C2EC150DA5FC6007812904 /* DetailView.swift in Sources */ = {isa = PBXBuildFile; fileRef = 719D0D041ADDF05E058015D8 /* DetailView.swift */; };
		CEB8A09A4D3F1FD44E9625EC /* SettingsView.swift in Sources */ = {isa = PBXBuildFile; fileRef = 9FCCEDFE3F6C45BA2A9FAB67 /* SettingsView.swift */; };
		D0D29FF31CB93CC15CB65B33 /* ARCNavigation in Frameworks */ = {isa = PBXBuildFile; productRef = F0292C65085A9F41FF0C26DB /* ARCNavigation */; };
		DCCD6E05EA13B07C622A611C /* HomeView.swift in Sources */ = {isa = PBXBuildFile; fileRef = 6E95D8FDB77D917A1BD08B85 /* HomeView.swift */; };
		E761C7B09A954A8A2D91C052 /* AppRoute.swift in Sources */ = {isa = PBXBuildFile; fileRef = E2140CF3653E5F00B3FEF727 /* AppRoute.swift */; };
		ECA8C15365EA939A6CBDA93B /* ProfileView.swift in Sources */ = {isa = PBXBuildFile; fileRef = DF47AD9DAA58A61B2B9F3112 /* ProfileView.swift */; };
/* End PBXBuildFile section */

/* Begin PBXFileReference section */
		3FD1591A4B985A698B544FAF /* ExampleAppApp.swift */ = {isa = PBXFileReference; lastKnownFileType = sourcecode.swift; path = ExampleAppApp.swift; sourceTree = "<group>"; };
		6E95D8FDB77D917A1BD08B85 /* HomeView.swift */ = {isa = PBXFileReference; lastKnownFileType = sourcecode.swift; path = HomeView.swift; sourceTree = "<group>"; };
		719D0D041ADDF05E058015D8 /* DetailView.swift */ = {isa = PBXFileReference; lastKnownFileType = sourcecode.swift; path = DetailView.swift; sourceTree = "<group>"; };
		926C3D981D8F7AB7B3F2E007 /* ExampleApp.app */ = {isa = PBXFileReference; includeInIndex = 0; lastKnownFileType = wrapper.application; path = ExampleApp.app; sourceTree = BUILT_PRODUCTS_DIR; };
		9FCCEDFE3F6C45BA2A9FAB67 /* SettingsView.swift */ = {isa = PBXFileReference; lastKnownFileType = sourcecode.swift; path = SettingsView.swift; sourceTree = "<group>"; };
		B9245ED7A8DFBCB26826130B /* User.swift */ = {isa = PBXFileReference; lastKnownFileType = sourcecode.swift; path = User.swift; sourceTree = "<group>"; };
		DA0395DDAFEC336D0902C9AB /* ARCNavigation */ = {isa = PBXFileReference; lastKnownFileType = folder; name = ARCNavigation; path = ../..; sourceTree = SOURCE_ROOT; };
		DF47AD9DAA58A61B2B9F3112 /* ProfileView.swift */ = {isa = PBXFileReference; lastKnownFileType = sourcecode.swift; path = ProfileView.swift; sourceTree = "<group>"; };
		E2140CF3653E5F00B3FEF727 /* AppRoute.swift */ = {isa = PBXFileReference; lastKnownFileType = sourcecode.swift; path = AppRoute.swift; sourceTree = "<group>"; };
/* End PBXFileReference section */

/* Begin PBXFrameworksBuildPhase section */
		E81F8C08FC27E2E1761291E1 /* Frameworks */ = {
			isa = PBXFrameworksBuildPhase;
			buildActionMask = 2147483647;
			files = (
				D0D29FF31CB93CC15CB65B33 /* ARCNavigation in Frameworks */,
			);
			runOnlyForDeploymentPostprocessing = 0;
		};
/* End PBXFrameworksBuildPhase section */

/* Begin PBXGroup section */
		ABA4B690C7A01854D5679DE4 /* ExampleApp */ = {
			isa = PBXGroup;
			children = (
				E2140CF3653E5F00B3FEF727 /* AppRoute.swift */,
				719D0D041ADDF05E058015D8 /* DetailView.swift */,
				3FD1591A4B985A698B544FAF /* ExampleAppApp.swift */,
				6E95D8FDB77D917A1BD08B85 /* HomeView.swift */,
				DF47AD9DAA58A61B2B9F3112 /* ProfileView.swift */,
				9FCCEDFE3F6C45BA2A9FAB67 /* SettingsView.swift */,
				B9245ED7A8DFBCB26826130B /* User.swift */,
			);
			path = ExampleApp;
			sourceTree = "<group>";
		};
		AF4E1C376012F79EC7DF8379 /* Products */ = {
			isa = PBXGroup;
			children = (
				926C3D981D8F7AB7B3F2E007 /* ExampleApp.app */,
			);
			name = Products;
			sourceTree = "<group>";
		};
		E5988D9AE80AB7E96D0259F6 /* Packages */ = {
			isa = PBXGroup;
			children = (
				DA0395DDAFEC336D0902C9AB /* ARCNavigation */,
			);
			name = Packages;
			sourceTree = "<group>";
		};
		ECA11DCDB4BE2265B358A0E2 = {
			isa = PBXGroup;
			children = (
				ABA4B690C7A01854D5679DE4 /* ExampleApp */,
				E5988D9AE80AB7E96D0259F6 /* Packages */,
				AF4E1C376012F79EC7DF8379 /* Products */,
			);
			sourceTree = "<group>";
		};
/* End PBXGroup section */

/* Begin PBXNativeTarget section */
		35B8FEF4A7EC7B264458F19C /* ExampleApp */ = {
			isa = PBXNativeTarget;
			buildConfigurationList = AE928657B46C08C76BD8F85B /* Build configuration list for PBXNativeTarget "ExampleApp" */;
			buildPhases = (
				5380FB61401EE22569D3345E /* Sources */,
				E81F8C08FC27E2E1761291E1 /* Frameworks */,
			);
			buildRules = (
			);
			dependencies = (
			);
			name = ExampleApp;
			packageProductDependencies = (
				F0292C65085A9F41FF0C26DB /* ARCNavigation */,
			);
			productName = ExampleApp;
			productReference = 926C3D981D8F7AB7B3F2E007 /* ExampleApp.app */;
			productType = "com.apple.product-type.application";
		};
/* End PBXNativeTarget section */

/* Begin PBXProject section */
		E6FC2ABCE62557C86BAC1580 /* Project object */ = {
			isa = PBXProject;
			attributes = {
				BuildIndependentTargetsInParallel = YES;
				LastUpgradeCheck = 1600;
			};
			buildConfigurationList = 73A70D16F69D798FC49217D0 /* Build configuration list for PBXProject "ExampleApp" */;
			compatibilityVersion = "Xcode 14.0";
			developmentRegion = en;
			hasScannedForEncodings = 0;
			knownRegions = (
				Base,
				en,
			);
			mainGroup = ECA11DCDB4BE2265B358A0E2;
			minimizedProjectReferenceProxies = 1;
			packageReferences = (
				CB00B6EA62FB9065CF59B60B /* XCLocalSwiftPackageReference "../.." */,
			);
			preferredProjectObjectVersion = 77;
			projectDirPath = "";
			projectRoot = "";
			targets = (
				35B8FEF4A7EC7B264458F19C /* ExampleApp */,
			);
		};
/* End PBXProject section */

/* Begin PBXSourcesBuildPhase section */
		5380FB61401EE22569D3345E /* Sources */ = {
			isa = PBXSourcesBuildPhase;
			buildActionMask = 2147483647;
			files = (
				E761C7B09A954A8A2D91C052 /* AppRoute.swift in Sources */,
				C2C2EC150DA5FC6007812904 /* DetailView.swift in Sources */,
				048A5EE5E8BC3A1CBCFCB520 /* ExampleAppApp.swift in Sources */,
				DCCD6E05EA13B07C622A611C /* HomeView.swift in Sources */,
				ECA8C15365EA939A6CBDA93B /* ProfileView.swift in Sources */,
				CEB8A09A4D3F1FD44E9625EC /* SettingsView.swift in Sources */,
				0E9CED6373D606F2320B7825 /* User.swift in Sources */,
			);
			runOnlyForDeploymentPostprocessing = 0;
		};
/* End PBXSourcesBuildPhase section */

/* Begin XCBuildConfiguration section */
		1EFA7DE0C166B5B12443A164 /* Release */ = {
			isa = XCBuildConfiguration;
			buildSettings = {
				ALWAYS_SEARCH_USER_PATHS = NO;
				CLANG_ANALYZER_NONNULL = YES;
				CLANG_ANALYZER_NUMBER_OBJECT_CONVERSION = YES_AGGRESSIVE;
				CLANG_CXX_LANGUAGE_STANDARD = "gnu++14";
				CLANG_CXX_LIBRARY = "libc++";
				CLANG_ENABLE_MODULES = YES;
				CLANG_ENABLE_OBJC_ARC = YES;
				CLANG_ENABLE_OBJC_WEAK = YES;
				CLANG_WARN_BLOCK_CAPTURE_AUTORELEASING = YES;
				CLANG_WARN_BOOL_CONVERSION = YES;
				CLANG_WARN_COMMA = YES;
				CLANG_WARN_CONSTANT_CONVERSION = YES;
				CLANG_WARN_DEPRECATED_OBJC_IMPLEMENTATIONS = YES;
				CLANG_WARN_DIRECT_OBJC_ISA_USAGE = YES_ERROR;
				CLANG_WARN_DOCUMENTATION_COMMENTS = YES;
				CLANG_WARN_EMPTY_BODY = YES;
				CLANG_WARN_ENUM_CONVERSION = YES;
				CLANG_WARN_INFINITE_RECURSION = YES;
				CLANG_WARN_INT_CONVERSION = YES;
				CLANG_WARN_NON_LITERAL_NULL_CONVERSION = YES;
				CLANG_WARN_OBJC_IMPLICIT_RETAIN_SELF = YES;
				CLANG_WARN_OBJC_LITERAL_CONVERSION = YES;
				CLANG_WARN_OBJC_ROOT_CLASS = YES_ERROR;
				CLANG_WARN_QUOTED_INCLUDE_IN_FRAMEWORK_HEADER = YES;
				CLANG_WARN_RANGE_LOOP_ANALYSIS = YES;
				CLANG_WARN_STRICT_PROTOTYPES = YES;
				CLANG_WARN_SUSPICIOUS_MOVE = YES;
				CLANG_WARN_UNGUARDED_AVAILABILITY = YES_AGGRESSIVE;
				CLANG_WARN_UNREACHABLE_CODE = YES;
				CLANG_WARN__DUPLICATE_METHOD_MATCH = YES;
				COPY_PHASE_STRIP = NO;
				DEBUG_INFORMATION_FORMAT = "dwarf-with-dsym";
				ENABLE_NS_ASSERTIONS = NO;
				ENABLE_STRICT_OBJC_MSGSEND = YES;
				ENABLE_USER_SCRIPT_SANDBOXING = NO;
				GCC_C_LANGUAGE_STANDARD = gnu11;
				GCC_NO_COMMON_BLOCKS = YES;
				GCC_WARN_64_TO_32_BIT_CONVERSION = YES;
				GCC_WARN_ABOUT_RETURN_TYPE = YES_ERROR;
				GCC_WARN_UNDECLARED_SELECTOR = YES;
				GCC_WARN_UNINITIALIZED_AUTOS = YES_AGGRESSIVE;
				GCC_WARN_UNUSED_FUNCTION = YES;
				GCC_WARN_UNUSED_VARIABLE = YES;
				IPHONEOS_DEPLOYMENT_TARGET = 17.0;
				MTL_ENABLE_DEBUG_INFO = NO;
				MTL_FAST_MATH = YES;
				PRODUCT_NAME = "$(TARGET_NAME)";
				SDKROOT = iphoneos;
				SWIFT_COMPILATION_MODE = wholemodule;
				SWIFT_OPTIMIZATION_LEVEL = "-O";
				SWIFT_STRICT_CONCURRENCY = complete;
				SWIFT_VERSION = 6.0;
			};
			name = Release;
		};
		A0434A35A655F4DA293ECD44 /* Debug */ = {
			isa = XCBuildConfiguration;
			buildSettings = {
				ASSETCATALOG_COMPILER_APPICON_NAME = AppIcon;
				CODE_SIGN_IDENTITY = "iPhone Developer";
				CURRENT_PROJECT_VERSION = 1;
				GENERATE_INFOPLIST_FILE = YES;
				INFOPLIST_KEY_UIApplicationSceneManifest_Generation = YES;
				INFOPLIST_KEY_UIApplicationSupportsIndirectInputEvents = YES;
				INFOPLIST_KEY_UILaunchScreen_Generation = YES;
				INFOPLIST_KEY_UISupportedInterfaceOrientations_iPhone = "UIInterfaceOrientationPortrait UIInterfaceOrientationLandscapeLeft UIInterfaceOrientationLandscapeRight";
				LD_RUNPATH_SEARCH_PATHS = (
					"$(inherited)",
					"@executable_path/Frameworks",
				);
				MARKETING_VERSION = 1.0.0;
				PRODUCT_BUNDLE_IDENTIFIER = com.arclabs.arcnavigation.example;
				PRODUCT_NAME = "$(TARGET_NAME)";
				SDKROOT = iphoneos;
				TARGETED_DEVICE_FAMILY = "1,2";
			};
			name = Debug;
		};
		A416E8F402F2F67FB0EA5F35 /* Release */ = {
			isa = XCBuildConfiguration;
			buildSettings = {
				ASSETCATALOG_COMPILER_APPICON_NAME = AppIcon;
				CODE_SIGN_IDENTITY = "iPhone Developer";
				CURRENT_PROJECT_VERSION = 1;
				GENERATE_INFOPLIST_FILE = YES;
				INFOPLIST_KEY_UIApplicationSceneManifest_Generation = YES;
				INFOPLIST_KEY_UIApplicationSupportsIndirectInputEvents = YES;
				INFOPLIST_KEY_UILaunchScreen_Generation = YES;
				INFOPLIST_KEY_UISupportedInterfaceOrientations_iPhone = "UIInterfaceOrientationPortrait UIInterfaceOrientationLandscapeLeft UIInterfaceOrientationLandscapeRight";
				LD_RUNPATH_SEARCH_PATHS = (
					"$(inherited)",
					"@executable_path/Frameworks",
				);
				MARKETING_VERSION = 1.0.0;
				PRODUCT_BUNDLE_IDENTIFIER = com.arclabs.arcnavigation.example;
				PRODUCT_NAME = "$(TARGET_NAME)";
				SDKROOT = iphoneos;
				TARGETED_DEVICE_FAMILY = "1,2";
			};
			name = Release;
		};
		C425BDE89D0C96534D273F9B /* Debug */ = {
			isa = XCBuildConfiguration;
			buildSettings = {
				ALWAYS_SEARCH_USER_PATHS = NO;
				CLANG_ANALYZER_NONNULL = YES;
				CLANG_ANALYZER_NUMBER_OBJECT_CONVERSION = YES_AGGRESSIVE;
				CLANG_CXX_LANGUAGE_STANDARD = "gnu++14";
				CLANG_CXX_LIBRARY = "libc++";
				CLANG_ENABLE_MODULES = YES;
				CLANG_ENABLE_OBJC_ARC = YES;
				CLANG_ENABLE_OBJC_WEAK = YES;
				CLANG_WARN_BLOCK_CAPTURE_AUTORELEASING = YES;
				CLANG_WARN_BOOL_CONVERSION = YES;
				CLANG_WARN_COMMA = YES;
				CLANG_WARN_CONSTANT_CONVERSION = YES;
				CLANG_WARN_DEPRECATED_OBJC_IMPLEMENTATIONS = YES;
				CLANG_WARN_DIRECT_OBJC_ISA_USAGE = YES_ERROR;
				CLANG_WARN_DOCUMENTATION_COMMENTS = YES;
				CLANG_WARN_EMPTY_BODY = YES;
				CLANG_WARN_ENUM_CONVERSION = YES;
				CLANG_WARN_INFINITE_RECURSION = YES;
				CLANG_WARN_INT_CONVERSION = YES;
				CLANG_WARN_NON_LITERAL_NULL_CONVERSION = YES;
				CLANG_WARN_OBJC_IMPLICIT_RETAIN_SELF = YES;
				CLANG_WARN_OBJC_LITERAL_CONVERSION = YES;
				CLANG_WARN_OBJC_ROOT_CLASS = YES_ERROR;
				CLANG_WARN_QUOTED_INCLUDE_IN_FRAMEWORK_HEADER = YES;
				CLANG_WARN_RANGE_LOOP_ANALYSIS = YES;
				CLANG_WARN_STRICT_PROTOTYPES = YES;
				CLANG_WARN_SUSPICIOUS_MOVE = YES;
				CLANG_WARN_UNGUARDED_AVAILABILITY = YES_AGGRESSIVE;
				CLANG_WARN_UNREACHABLE_CODE = YES;
				CLANG_WARN__DUPLICATE_METHOD_MATCH = YES;
				COPY_PHASE_STRIP = NO;
				DEBUG_INFORMATION_FORMAT = dwarf;
				ENABLE_STRICT_OBJC_MSGSEND = YES;
				ENABLE_TESTABILITY = YES;
				ENABLE_USER_SCRIPT_SANDBOXING = NO;
				GCC_C_LANGUAGE_STANDARD = gnu11;
				GCC_DYNAMIC_NO_PIC = NO;
				GCC_NO_COMMON_BLOCKS = YES;
				GCC_OPTIMIZATION_LEVEL = 0;
				GCC_PREPROCESSOR_DEFINITIONS = (
					"$(inherited)",
					"DEBUG=1",
				);
				GCC_WARN_64_TO_32_BIT_CONVERSION = YES;
				GCC_WARN_ABOUT_RETURN_TYPE = YES_ERROR;
				GCC_WARN_UNDECLARED_SELECTOR = YES;
				GCC_WARN_UNINITIALIZED_AUTOS = YES_AGGRESSIVE;
				GCC_WARN_UNUSED_FUNCTION = YES;
				GCC_WARN_UNUSED_VARIABLE = YES;
				IPHONEOS_DEPLOYMENT_TARGET = 17.0;
				MTL_ENABLE_DEBUG_INFO = INCLUDE_SOURCE;
				MTL_FAST_MATH = YES;
				ONLY_ACTIVE_ARCH = YES;
				PRODUCT_NAME = "$(TARGET_NAME)";
				SDKROOT = iphoneos;
				SWIFT_ACTIVE_COMPILATION_CONDITIONS = DEBUG;
				SWIFT_OPTIMIZATION_LEVEL = "-Onone";
				SWIFT_STRICT_CONCURRENCY = complete;
				SWIFT_VERSION = 6.0;
			};
			name = Debug;
		};
/* End XCBuildConfiguration section */

/* Begin XCConfigurationList section */
		73A70D16F69D798FC49217D0 /* Build configuration list for PBXProject "ExampleApp" */ = {
			isa = XCConfigurationList;
			buildConfigurations = (
				C425BDE89D0C96534D273F9B /* Debug */,
				1EFA7DE0C166B5B12443A164 /* Release */,
			);
			defaultConfigurationIsVisible = 0;
			defaultConfigurationName = Debug;
		};
		AE928657B46C08C76BD8F85B /* Build configuration list for PBXNativeTarget "ExampleApp" */ = {
			isa = XCConfigurationList;
			buildConfigurations = (
				A0434A35A655F4DA293ECD44 /* Debug */,
				A416E8F402F2F67FB0EA5F35 /* Release */,
			);
			defaultConfigurationIsVisible = 0;
			defaultConfigurationName = Debug;
		};
/* End XCConfigurationList section */

/* Begin XCLocalSwiftPackageReference section */
		CB00B6EA62FB9065CF59B60B /* XCLocalSwiftPackageReference "../.." */ = {
			isa = XCLocalSwiftPackageReference;
			relativePath = ../..;
		};
/* End XCLocalSwiftPackageReference section */

/* Begin XCSwiftPackageProductDependency section */
		F0292C65085A9F41FF0C26DB /* ARCNavigation */ = {
			isa = XCSwiftPackageProductDependency;
			productName = ARCNavigation;
		};
/* End XCSwiftPackageProductDependency section */
	};
	rootObject = E6FC2ABCE62557C86BAC1580 /* Project object */;
}
